// !$*UTF8*$!
{
	archiveVersion = 1;
	classes = {
	};
	objectVersion = 55;
	objects = {

/* Begin PBXBuildFile section */
		182D3EB728CA308600370162 /* OnboardViewController.swift in Sources */ = {isa = PBXBuildFile; fileRef = 182D3EB628CA308600370162 /* OnboardViewController.swift */; };
		184F3D0C28CB763400702EA2 /* Realm in Frameworks */ = {isa = PBXBuildFile; productRef = 184F3D0B28CB763400702EA2 /* Realm */; };
		184F3D0E28CB763400702EA2 /* RealmSwift in Frameworks */ = {isa = PBXBuildFile; productRef = 184F3D0D28CB763400702EA2 /* RealmSwift */; };
		1859836E28CA29660001A9C3 /* RootViewController.swift in Sources */ = {isa = PBXBuildFile; fileRef = 1859836D28CA29660001A9C3 /* RootViewController.swift */; };
		188BD1C028CBBDE90073B643 /* LoginViewController.swift in Sources */ = {isa = PBXBuildFile; fileRef = 188BD1BF28CBBDE90073B643 /* LoginViewController.swift */; };
		188BD1C228CBBDFC0073B643 /* RegisterViewController.swift in Sources */ = {isa = PBXBuildFile; fileRef = 188BD1C128CBBDFC0073B643 /* RegisterViewController.swift */; };
		1899CDC328C7C80700AA4586 /* AppDelegate.swift in Sources */ = {isa = PBXBuildFile; fileRef = 1899CDC228C7C80700AA4586 /* AppDelegate.swift */; };
		1899CDC528C7C80700AA4586 /* SceneDelegate.swift in Sources */ = {isa = PBXBuildFile; fileRef = 1899CDC428C7C80700AA4586 /* SceneDelegate.swift */; };
		1899CDC728C7C80700AA4586 /* OnboardingViewController.swift in Sources */ = {isa = PBXBuildFile; fileRef = 1899CDC628C7C80700AA4586 /* OnboardingViewController.swift */; };
		1899CDCA28C7C80700AA4586 /* Main.storyboard in Resources */ = {isa = PBXBuildFile; fileRef = 1899CDC828C7C80700AA4586 /* Main.storyboard */; };
		1899CDCC28C7C80A00AA4586 /* Assets.xcassets in Resources */ = {isa = PBXBuildFile; fileRef = 1899CDCB28C7C80A00AA4586 /* Assets.xcassets */; };
		1899CDCF28C7C80A00AA4586 /* LaunchScreen.storyboard in Resources */ = {isa = PBXBuildFile; fileRef = 1899CDCD28C7C80A00AA4586 /* LaunchScreen.storyboard */; };
		1899CDDE28C9103500AA4586 /* Lottie in Frameworks */ = {isa = PBXBuildFile; productRef = 1899CDDD28C9103500AA4586 /* Lottie */; };
		18B9F4C828C9184800B2F67C /* OnboardingCollectionViewCell.swift in Sources */ = {isa = PBXBuildFile; fileRef = 18B9F4C728C9184800B2F67C /* OnboardingCollectionViewCell.swift */; };
		18B9F4CA28C91C5400B2F67C /* OnboardingSlide.swift in Sources */ = {isa = PBXBuildFile; fileRef = 18B9F4C928C91C5400B2F67C /* OnboardingSlide.swift */; };
/* End PBXBuildFile section */

/* Begin PBXFileReference section */
		182D3EB628CA308600370162 /* OnboardViewController.swift */ = {isa = PBXFileReference; lastKnownFileType = sourcecode.swift; path = OnboardViewController.swift; sourceTree = "<group>"; };
		1859836D28CA29660001A9C3 /* RootViewController.swift */ = {isa = PBXFileReference; lastKnownFileType = sourcecode.swift; path = RootViewController.swift; sourceTree = "<group>"; };
		188BD1BF28CBBDE90073B643 /* LoginViewController.swift */ = {isa = PBXFileReference; lastKnownFileType = sourcecode.swift; path = LoginViewController.swift; sourceTree = "<group>"; };
		188BD1C128CBBDFC0073B643 /* RegisterViewController.swift */ = {isa = PBXFileReference; lastKnownFileType = sourcecode.swift; path = RegisterViewController.swift; sourceTree = "<group>"; };
		1899CDBF28C7C80700AA4586 /* WorkoutBee.app */ = {isa = PBXFileReference; explicitFileType = wrapper.application; includeInIndex = 0; path = WorkoutBee.app; sourceTree = BUILT_PRODUCTS_DIR; };
		1899CDC228C7C80700AA4586 /* AppDelegate.swift */ = {isa = PBXFileReference; lastKnownFileType = sourcecode.swift; path = AppDelegate.swift; sourceTree = "<group>"; };
		1899CDC428C7C80700AA4586 /* SceneDelegate.swift */ = {isa = PBXFileReference; lastKnownFileType = sourcecode.swift; path = SceneDelegate.swift; sourceTree = "<group>"; };
		1899CDC628C7C80700AA4586 /* OnboardingViewController.swift */ = {isa = PBXFileReference; lastKnownFileType = sourcecode.swift; path = OnboardingViewController.swift; sourceTree = "<group>"; };
		1899CDC928C7C80700AA4586 /* Base */ = {isa = PBXFileReference; lastKnownFileType = file.storyboard; name = Base; path = Base.lproj/Main.storyboard; sourceTree = "<group>"; };
		1899CDCB28C7C80A00AA4586 /* Assets.xcassets */ = {isa = PBXFileReference; lastKnownFileType = folder.assetcatalog; path = Assets.xcassets; sourceTree = "<group>"; };
		1899CDCE28C7C80A00AA4586 /* Base */ = {isa = PBXFileReference; lastKnownFileType = file.storyboard; name = Base; path = Base.lproj/LaunchScreen.storyboard; sourceTree = "<group>"; };
		1899CDD028C7C80A00AA4586 /* Info.plist */ = {isa = PBXFileReference; lastKnownFileType = text.plist.xml; path = Info.plist; sourceTree = "<group>"; };
		18B9F4C728C9184800B2F67C /* OnboardingCollectionViewCell.swift */ = {isa = PBXFileReference; lastKnownFileType = sourcecode.swift; path = OnboardingCollectionViewCell.swift; sourceTree = "<group>"; };
		18B9F4C928C91C5400B2F67C /* OnboardingSlide.swift */ = {isa = PBXFileReference; lastKnownFileType = sourcecode.swift; path = OnboardingSlide.swift; sourceTree = "<group>"; };
/* End PBXFileReference section */

/* Begin PBXFrameworksBuildPhase section */
		1899CDBC28C7C80700AA4586 /* Frameworks */ = {
			isa = PBXFrameworksBuildPhase;
			buildActionMask = 2147483647;
			files = (
				184F3D0E28CB763400702EA2 /* RealmSwift in Frameworks */,
				184F3D0C28CB763400702EA2 /* Realm in Frameworks */,
				1899CDDE28C9103500AA4586 /* Lottie in Frameworks */,
			);
			runOnlyForDeploymentPostprocessing = 0;
		};
/* End PBXFrameworksBuildPhase section */

/* Begin PBXGroup section */
		188BD1BD28CBBDB90073B643 /* Onboarding */ = {
			isa = PBXGroup;
			children = (
				18B9F4C728C9184800B2F67C /* OnboardingCollectionViewCell.swift */,
				18B9F4C928C91C5400B2F67C /* OnboardingSlide.swift */,
				182D3EB628CA308600370162 /* OnboardViewController.swift */,
				1899CDC628C7C80700AA4586 /* OnboardingViewController.swift */,
			);
			path = Onboarding;
			sourceTree = "<group>";
		};
		188BD1BE28CBBDD50073B643 /* Registration */ = {
			isa = PBXGroup;
			children = (
				188BD1BF28CBBDE90073B643 /* LoginViewController.swift */,
				188BD1C128CBBDFC0073B643 /* RegisterViewController.swift */,
			);
			path = Registration;
			sourceTree = "<group>";
		};
		1899CDB628C7C80700AA4586 = {
			isa = PBXGroup;
			children = (
				1899CDC128C7C80700AA4586 /* WorkoutBee */,
				1899CDC028C7C80700AA4586 /* Products */,
			);
			sourceTree = "<group>";
		};
		1899CDC028C7C80700AA4586 /* Products */ = {
			isa = PBXGroup;
			children = (
				1899CDBF28C7C80700AA4586 /* WorkoutBee.app */,
			);
			name = Products;
			sourceTree = "<group>";
		};
		1899CDC128C7C80700AA4586 /* WorkoutBee */ = {
			isa = PBXGroup;
			children = (
				1899CDC228C7C80700AA4586 /* AppDelegate.swift */,
				1899CDC428C7C80700AA4586 /* SceneDelegate.swift */,
				188BD1BE28CBBDD50073B643 /* Registration */,
				188BD1BD28CBBDB90073B643 /* Onboarding */,
				1859836D28CA29660001A9C3 /* RootViewController.swift */,
				1899CDC828C7C80700AA4586 /* Main.storyboard */,
				1899CDCB28C7C80A00AA4586 /* Assets.xcassets */,
				1899CDCD28C7C80A00AA4586 /* LaunchScreen.storyboard */,
				1899CDD028C7C80A00AA4586 /* Info.plist */,
			);
			path = WorkoutBee;
			sourceTree = "<group>";
		};
/* End PBXGroup section */

/* Begin PBXNativeTarget section */
		1899CDBE28C7C80700AA4586 /* WorkoutBee */ = {
			isa = PBXNativeTarget;
			buildConfigurationList = 1899CDD328C7C80A00AA4586 /* Build configuration list for PBXNativeTarget "WorkoutBee" */;
			buildPhases = (
				1899CDBB28C7C80700AA4586 /* Sources */,
				1899CDBC28C7C80700AA4586 /* Frameworks */,
				1899CDBD28C7C80700AA4586 /* Resources */,
			);
			buildRules = (
			);
			dependencies = (
			);
			name = WorkoutBee;
			packageProductDependencies = (
				1899CDDD28C9103500AA4586 /* Lottie */,
				184F3D0B28CB763400702EA2 /* Realm */,
				184F3D0D28CB763400702EA2 /* RealmSwift */,
			);
			productName = WorkoutBee;
			productReference = 1899CDBF28C7C80700AA4586 /* WorkoutBee.app */;
			productType = "com.apple.product-type.application";
		};
/* End PBXNativeTarget section */

/* Begin PBXProject section */
		1899CDB728C7C80700AA4586 /* Project object */ = {
			isa = PBXProject;
			attributes = {
				BuildIndependentTargetsInParallel = 1;
				LastSwiftUpdateCheck = 1340;
				LastUpgradeCheck = 1340;
				TargetAttributes = {
					1899CDBE28C7C80700AA4586 = {
						CreatedOnToolsVersion = 13.4.1;
					};
				};
			};
			buildConfigurationList = 1899CDBA28C7C80700AA4586 /* Build configuration list for PBXProject "WorkoutBee" */;
			compatibilityVersion = "Xcode 13.0";
			developmentRegion = en;
			hasScannedForEncodings = 0;
			knownRegions = (
				en,
				Base,
			);
			mainGroup = 1899CDB628C7C80700AA4586;
			packageReferences = (
				1899CDDC28C9103500AA4586 /* XCRemoteSwiftPackageReference "lottie-ios" */,
				184F3D0A28CB763400702EA2 /* XCRemoteSwiftPackageReference "realm-swift" */,
			);
			productRefGroup = 1899CDC028C7C80700AA4586 /* Products */;
			projectDirPath = "";
			projectRoot = "";
			targets = (
				1899CDBE28C7C80700AA4586 /* WorkoutBee */,
			);
		};
/* End PBXProject section */

/* Begin PBXResourcesBuildPhase section */
		1899CDBD28C7C80700AA4586 /* Resources */ = {
			isa = PBXResourcesBuildPhase;
			buildActionMask = 2147483647;
			files = (
				1899CDCF28C7C80A00AA4586 /* LaunchScreen.storyboard in Resources */,
				1899CDCC28C7C80A00AA4586 /* Assets.xcassets in Resources */,
				1899CDCA28C7C80700AA4586 /* Main.storyboard in Resources */,
			);
			runOnlyForDeploymentPostprocessing = 0;
		};
/* End PBXResourcesBuildPhase section */

/* Begin PBXSourcesBuildPhase section */
		1899CDBB28C7C80700AA4586 /* Sources */ = {
			isa = PBXSourcesBuildPhase;
			buildActionMask = 2147483647;
			files = (
				188BD1C228CBBDFC0073B643 /* RegisterViewController.swift in Sources */,
				18B9F4CA28C91C5400B2F67C /* OnboardingSlide.swift in Sources */,
				182D3EB728CA308600370162 /* OnboardViewController.swift in Sources */,
				1899CDC728C7C80700AA4586 /* OnboardingViewController.swift in Sources */,
				1859836E28CA29660001A9C3 /* RootViewController.swift in Sources */,
				188BD1C028CBBDE90073B643 /* LoginViewController.swift in Sources */,
				1899CDC328C7C80700AA4586 /* AppDelegate.swift in Sources */,
				1899CDC528C7C80700AA4586 /* SceneDelegate.swift in Sources */,
				18B9F4C828C9184800B2F67C /* OnboardingCollectionViewCell.swift in Sources */,
			);
			runOnlyForDeploymentPostprocessing = 0;
		};
/* End PBXSourcesBuildPhase section */

/* Begin PBXVariantGroup section */
		1899CDC828C7C80700AA4586 /* Main.storyboard */ = {
			isa = PBXVariantGroup;
			children = (
				1899CDC928C7C80700AA4586 /* Base */,
			);
			name = Main.storyboard;
			sourceTree = "<group>";
		};
		1899CDCD28C7C80A00AA4586 /* LaunchScreen.storyboard */ = {
			isa = PBXVariantGroup;
			children = (
				1899CDCE28C7C80A00AA4586 /* Base */,
			);
			name = LaunchScreen.storyboard;
			sourceTree = "<group>";
		};
/* End PBXVariantGroup section */

/* Begin XCBuildConfiguration section */
		1899CDD128C7C80A00AA4586 /* Debug */ = {
			isa = XCBuildConfiguration;
			buildSettings = {
				ALWAYS_SEARCH_USER_PATHS = NO;
				CLANG_ANALYZER_NONNULL = YES;
				CLANG_ANALYZER_NUMBER_OBJECT_CONVERSION = YES_AGGRESSIVE;
				CLANG_CXX_LANGUAGE_STANDARD = "gnu++17";
				CLANG_ENABLE_MODULES = YES;
				CLANG_ENABLE_OBJC_ARC = YES;
				CLANG_ENABLE_OBJC_WEAK = YES;
				CLANG_WARN_BLOCK_CAPTURE_AUTORELEASING = YES;
				CLANG_WARN_BOOL_CONVERSION = YES;
				CLANG_WARN_COMMA = YES;
				CLANG_WARN_CONSTANT_CONVERSION = YES;
				CLANG_WARN_DEPRECATED_OBJC_IMPLEMENTATIONS = YES;
				CLANG_WARN_DIRECT_OBJC_ISA_USAGE = YES_ERROR;
				CLANG_WARN_DOCUMENTATION_COMMENTS = YES;
				CLANG_WARN_EMPTY_BODY = YES;
				CLANG_WARN_ENUM_CONVERSION = YES;
				CLANG_WARN_INFINITE_RECURSION = YES;
				CLANG_WARN_INT_CONVERSION = YES;
				CLANG_WARN_NON_LITERAL_NULL_CONVERSION = YES;
				CLANG_WARN_OBJC_IMPLICIT_RETAIN_SELF = YES;
				CLANG_WARN_OBJC_LITERAL_CONVERSION = YES;
				CLANG_WARN_OBJC_ROOT_CLASS = YES_ERROR;
				CLANG_WARN_QUOTED_INCLUDE_IN_FRAMEWORK_HEADER = YES;
				CLANG_WARN_RANGE_LOOP_ANALYSIS = YES;
				CLANG_WARN_STRICT_PROTOTYPES = YES;
				CLANG_WARN_SUSPICIOUS_MOVE = YES;
				CLANG_WARN_UNGUARDED_AVAILABILITY = YES_AGGRESSIVE;
				CLANG_WARN_UNREACHABLE_CODE = YES;
				CLANG_WARN__DUPLICATE_METHOD_MATCH = YES;
				COPY_PHASE_STRIP = NO;
				DEBUG_INFORMATION_FORMAT = dwarf;
				ENABLE_STRICT_OBJC_MSGSEND = YES;
				ENABLE_TESTABILITY = YES;
				GCC_C_LANGUAGE_STANDARD = gnu11;
				GCC_DYNAMIC_NO_PIC = NO;
				GCC_NO_COMMON_BLOCKS = YES;
				GCC_OPTIMIZATION_LEVEL = 0;
				GCC_PREPROCESSOR_DEFINITIONS = (
					"DEBUG=1",
					"$(inherited)",
				);
				GCC_WARN_64_TO_32_BIT_CONVERSION = YES;
				GCC_WARN_ABOUT_RETURN_TYPE = YES_ERROR;
				GCC_WARN_UNDECLARED_SELECTOR = YES;
				GCC_WARN_UNINITIALIZED_AUTOS = YES_AGGRESSIVE;
				GCC_WARN_UNUSED_FUNCTION = YES;
				GCC_WARN_UNUSED_VARIABLE = YES;
				IPHONEOS_DEPLOYMENT_TARGET = 15.5;
				MTL_ENABLE_DEBUG_INFO = INCLUDE_SOURCE;
				MTL_FAST_MATH = YES;
				ONLY_ACTIVE_ARCH = YES;
				SDKROOT = iphoneos;
				SWIFT_ACTIVE_COMPILATION_CONDITIONS = DEBUG;
				SWIFT_OPTIMIZATION_LEVEL = "-Onone";
			};
			name = Debug;
		};
		1899CDD228C7C80A00AA4586 /* Release */ = {
			isa = XCBuildConfiguration;
			buildSettings = {
				ALWAYS_SEARCH_USER_PATHS = NO;
				CLANG_ANALYZER_NONNULL = YES;
				CLANG_ANALYZER_NUMBER_OBJECT_CONVERSION = YES_AGGRESSIVE;
				CLANG_CXX_LANGUAGE_STANDARD = "gnu++17";
				CLANG_ENABLE_MODULES = YES;
				CLANG_ENABLE_OBJC_ARC = YES;
				CLANG_ENABLE_OBJC_WEAK = YES;
				CLANG_WARN_BLOCK_CAPTURE_AUTORELEASING = YES;
				CLANG_WARN_BOOL_CONVERSION = YES;
				CLANG_WARN_COMMA = YES;
				CLANG_WARN_CONSTANT_CONVERSION = YES;
				CLANG_WARN_DEPRECATED_OBJC_IMPLEMENTATIONS = YES;
				CLANG_WARN_DIRECT_OBJC_ISA_USAGE = YES_ERROR;
				CLANG_WARN_DOCUMENTATION_COMMENTS = YES;
				CLANG_WARN_EMPTY_BODY = YES;
				CLANG_WARN_ENUM_CONVERSION = YES;
				CLANG_WARN_INFINITE_RECURSION = YES;
				CLANG_WARN_INT_CONVERSION = YES;
				CLANG_WARN_NON_LITERAL_NULL_CONVERSION = YES;
				CLANG_WARN_OBJC_IMPLICIT_RETAIN_SELF = YES;
				CLANG_WARN_OBJC_LITERAL_CONVERSION = YES;
				CLANG_WARN_OBJC_ROOT_CLASS = YES_ERROR;
				CLANG_WARN_QUOTED_INCLUDE_IN_FRAMEWORK_HEADER = YES;
				CLANG_WARN_RANGE_LOOP_ANALYSIS = YES;
				CLANG_WARN_STRICT_PROTOTYPES = YES;
				CLANG_WARN_SUSPICIOUS_MOVE = YES;
				CLANG_WARN_UNGUARDED_AVAILABILITY = YES_AGGRESSIVE;
				CLANG_WARN_UNREACHABLE_CODE = YES;
				CLANG_WARN__DUPLICATE_METHOD_MATCH = YES;
				COPY_PHASE_STRIP = NO;
				DEBUG_INFORMATION_FORMAT = "dwarf-with-dsym";
				ENABLE_NS_ASSERTIONS = NO;
				ENABLE_STRICT_OBJC_MSGSEND = YES;
				GCC_C_LANGUAGE_STANDARD = gnu11;
				GCC_NO_COMMON_BLOCKS = YES;
				GCC_WARN_64_TO_32_BIT_CONVERSION = YES;
				GCC_WARN_ABOUT_RETURN_TYPE = YES_ERROR;
				GCC_WARN_UNDECLARED_SELECTOR = YES;
				GCC_WARN_UNINITIALIZED_AUTOS = YES_AGGRESSIVE;
				GCC_WARN_UNUSED_FUNCTION = YES;
				GCC_WARN_UNUSED_VARIABLE = YES;
				IPHONEOS_DEPLOYMENT_TARGET = 15.5;
				MTL_ENABLE_DEBUG_INFO = NO;
				MTL_FAST_MATH = YES;
				SDKROOT = iphoneos;
				SWIFT_COMPILATION_MODE = wholemodule;
				SWIFT_OPTIMIZATION_LEVEL = "-O";
				VALIDATE_PRODUCT = YES;
			};
			name = Release;
		};
		1899CDD428C7C80A00AA4586 /* Debug */ = {
			isa = XCBuildConfiguration;
			buildSettings = {
				ASSETCATALOG_COMPILER_APPICON_NAME = AppIcon;
				ASSETCATALOG_COMPILER_GLOBAL_ACCENT_COLOR_NAME = AccentColor;
				CODE_SIGN_STYLE = Automatic;
				CURRENT_PROJECT_VERSION = 1;
				DEVELOPMENT_TEAM = WBDD6DSTYT;
				GENERATE_INFOPLIST_FILE = YES;
				INFOPLIST_FILE = WorkoutBee/Info.plist;
				INFOPLIST_KEY_UIApplicationSupportsIndirectInputEvents = YES;
				INFOPLIST_KEY_UILaunchStoryboardName = LaunchScreen;
				INFOPLIST_KEY_UIMainStoryboardFile = Main;
				INFOPLIST_KEY_UISupportedInterfaceOrientations_iPad = "UIInterfaceOrientationPortrait UIInterfaceOrientationPortraitUpsideDown UIInterfaceOrientationLandscapeLeft UIInterfaceOrientationLandscapeRight";
				INFOPLIST_KEY_UISupportedInterfaceOrientations_iPhone = "UIInterfaceOrientationPortrait UIInterfaceOrientationLandscapeLeft UIInterfaceOrientationLandscapeRight";
				LD_RUNPATH_SEARCH_PATHS = (
					"$(inherited)",
					"@executable_path/Frameworks",
				);
				MARKETING_VERSION = 1.0;
				PRODUCT_BUNDLE_IDENTIFIER = "co.muskanrao.protocols-Demo2.WorkoutBee";
				PRODUCT_NAME = "$(TARGET_NAME)";
				SWIFT_EMIT_LOC_STRINGS = YES;
				SWIFT_VERSION = 5.0;
				TARGETED_DEVICE_FAMILY = "1,2";
			};
			name = Debug;
		};
		1899CDD528C7C80A00AA4586 /* Release */ = {
			isa = XCBuildConfiguration;
			buildSettings = {
				ASSETCATALOG_COMPILER_APPICON_NAME = AppIcon;
				ASSETCATALOG_COMPILER_GLOBAL_ACCENT_COLOR_NAME = AccentColor;
				CODE_SIGN_STYLE = Automatic;
				CURRENT_PROJECT_VERSION = 1;
				DEVELOPMENT_TEAM = WBDD6DSTYT;
				GENERATE_INFOPLIST_FILE = YES;
				INFOPLIST_FILE = WorkoutBee/Info.plist;
				INFOPLIST_KEY_UIApplicationSupportsIndirectInputEvents = YES;
				INFOPLIST_KEY_UILaunchStoryboardName = LaunchScreen;
				INFOPLIST_KEY_UIMainStoryboardFile = Main;
				INFOPLIST_KEY_UISupportedInterfaceOrientations_iPad = "UIInterfaceOrientationPortrait UIInterfaceOrientationPortraitUpsideDown UIInterfaceOrientationLandscapeLeft UIInterfaceOrientationLandscapeRight";
				INFOPLIST_KEY_UISupportedInterfaceOrientations_iPhone = "UIInterfaceOrientationPortrait UIInterfaceOrientationLandscapeLeft UIInterfaceOrientationLandscapeRight";
				LD_RUNPATH_SEARCH_PATHS = (
					"$(inherited)",
					"@executable_path/Frameworks",
				);
				MARKETING_VERSION = 1.0;
				PRODUCT_BUNDLE_IDENTIFIER = "co.muskanrao.protocols-Demo2.WorkoutBee";
				PRODUCT_NAME = "$(TARGET_NAME)";
				SWIFT_EMIT_LOC_STRINGS = YES;
				SWIFT_VERSION = 5.0;
				TARGETED_DEVICE_FAMILY = "1,2";
			};
			name = Release;
		};
/* End XCBuildConfiguration section */

/* Begin XCConfigurationList section */
		1899CDBA28C7C80700AA4586 /* Build configuration list for PBXProject "WorkoutBee" */ = {
			isa = XCConfigurationList;
			buildConfigurations = (
				1899CDD128C7C80A00AA4586 /* Debug */,
				1899CDD228C7C80A00AA4586 /* Release */,
			);
			defaultConfigurationIsVisible = 0;
			defaultConfigurationName = Release;
		};
		1899CDD328C7C80A00AA4586 /* Build configuration list for PBXNativeTarget "WorkoutBee" */ = {
			isa = XCConfigurationList;
			buildConfigurations = (
				1899CDD428C7C80A00AA4586 /* Debug */,
				1899CDD528C7C80A00AA4586 /* Release */,
			);
			defaultConfigurationIsVisible = 0;
			defaultConfigurationName = Release;
		};
/* End XCConfigurationList section */

/* Begin XCRemoteSwiftPackageReference section */
		184F3D0A28CB763400702EA2 /* XCRemoteSwiftPackageReference "realm-swift" */ = {
			isa = XCRemoteSwiftPackageReference;
			repositoryURL = "https://github.com/realm/realm-swift.git";
			requirement = {
				branch = master;
				kind = branch;
			};
		};
		1899CDDC28C9103500AA4586 /* XCRemoteSwiftPackageReference "lottie-ios" */ = {
			isa = XCRemoteSwiftPackageReference;
			repositoryURL = "https://github.com/airbnb/lottie-ios.git";
			requirement = {
				branch = master;
				kind = branch;
			};
		};
/* End XCRemoteSwiftPackageReference section */

/* Begin XCSwiftPackageProductDependency section */
		184F3D0B28CB763400702EA2 /* Realm */ = {
			isa = XCSwiftPackageProductDependency;
			package = 184F3D0A28CB763400702EA2 /* XCRemoteSwiftPackageReference "realm-swift" */;
			productName = Realm;
		};
		184F3D0D28CB763400702EA2 /* RealmSwift */ = {
			isa = XCSwiftPackageProductDependency;
			package = 184F3D0A28CB763400702EA2 /* XCRemoteSwiftPackageReference "realm-swift" */;
			productName = RealmSwift;
		};
		1899CDDD28C9103500AA4586 /* Lottie */ = {
			isa = XCSwiftPackageProductDependency;
			package = 1899CDDC28C9103500AA4586 /* XCRemoteSwiftPackageReference "lottie-ios" */;
			productName = Lottie;
		};
/* End XCSwiftPackageProductDependency section */
	};
	rootObject = 1899CDB728C7C80700AA4586 /* Project object */;
}
